Microsoft Visual Studio Solution File, Format Version 12.00
# Visual Studio Version 17
VisualStudioVersion = 17.10.34902.84
MinimumVisualStudioVersion = 10.0.40219.1
Project("{FAE04EC0-301F-11D3-BF4B-00C04F79EFBC}") = "AspireSln11.AppHost", "AspireSln11.AppHost\AspireSln11.AppHost.csproj", "{1610494D-9657-472E-9172-9D48F69804F6}"
EndProject
Project("{9A19103F-16F7-4668-BE54-9A1E7A4F7556}") = "AspireSln11.ServiceDefaults", "AspireSln11.ServiceDefaults\AspireSln11.ServiceDefaults.csproj", "{B4D66637-71CC-46E5-BA46-953955DA1BAA}"
EndProject
Project("{9A19103F-16F7-4668-BE54-9A1E7A4F7556}") = "AspireSln11.ApiService", "AspireSln11.ApiService\AspireSln11.ApiService.csproj", "{8A6D2F99-77C0-4CE8-AA55-0C38179E82BC}"
EndProject
Project("{9A19103F-16F7-4668-BE54-9A1E7A4F7556}") = "AspireSln11.Web", "AspireSln11.Web\AspireSln11.Web.csproj", "{4083BE52-8E95-4EFB-88F6-844865EE867F}"
EndProject
Global
	GlobalSection(SolutionConfigurationPlatforms) = preSolution
		Debug|Any CPU = Debug|Any CPU
		Release|Any CPU = Release|Any CPU
	EndGlobalSection
	GlobalSection(ProjectConfigurationPlatforms) = postSolution
		{1610494D-9657-472E-9172-9D48F69804F6}.Debug|Any CPU.ActiveCfg = Debug|Any CPU
		{1610494D-9657-472E-9172-9D48F69804F6}.Debug|Any CPU.Build.0 = Debug|Any CPU
		{1610494D-9657-472E-9172-9D48F69804F6}.Release|Any CPU.ActiveCfg = Release|Any CPU
		{1610494D-9657-472E-9172-9D48F69804F6}.Release|Any CPU.Build.0 = Release|Any CPU
		{B4D66637-71CC-46E5-BA46-953955DA1BAA}.Debug|Any CPU.ActiveCfg = Debug|Any CPU
		{B4D66637-71CC-46E5-BA46-953955DA1BAA}.Debug|Any CPU.Build.0 = Debug|Any CPU
		{B4D66637-71CC-46E5-BA46-953955DA1BAA}.Release|Any CPU.ActiveCfg = Release|Any CPU
		{B4D66637-71CC-46E5-BA46-953955DA1BAA}.Release|Any CPU.Build.0 = Release|Any CPU
		{8A6D2F99-77C0-4CE8-AA55-0C38179E82BC}.Debug|Any CPU.ActiveCfg = Debug|Any CPU
		{8A6D2F99-77C0-4CE8-AA55-0C38179E82BC}.Debug|Any CPU.Build.0 = Debug|Any CPU
		{8A6D2F99-77C0-4CE8-AA55-0C38179E82BC}.Release|Any CPU.ActiveCfg = Release|Any CPU
		{8A6D2F99-77C0-4CE8-AA55-0C38179E82BC}.Release|Any CPU.Build.0 = Release|Any CPU
		{4083BE52-8E95-4EFB-88F6-844865EE867F}.Debug|Any CPU.ActiveCfg = Debug|Any CPU
		{4083BE52-8E95-4EFB-88F6-844865EE867F}.Debug|Any CPU.Build.0 = Debug|Any CPU
		{4083BE52-8E95-4EFB-88F6-844865EE867F}.Release|Any CPU.ActiveCfg = Release|Any CPU
		{4083BE52-8E95-4EFB-88F6-844865EE867F}.Release|Any CPU.Build.0 = Release|Any CPU
	EndGlobalSection
	GlobalSection(SolutionProperties) = preSolution
		HideSolutionNode = FALSE
	EndGlobalSection
	GlobalSection(ExtensibilityGlobals) = postSolution
		SolutionGuid = {67DEE0CE-B201-4D26-82E4-A88CDF253449}
	EndGlobalSection
EndGlobal
